// !$*UTF8*$!
{
	archiveVersion = 1;
	classes = {
	};
	objectVersion = 46;
	objects = {

/* Begin PBXBuildFile section */
		AE27E1721567ADE200ED4DBB /* UIKit.framework in Frameworks */ = {isa = PBXBuildFile; fileRef = AE27E1711567ADE200ED4DBB /* UIKit.framework */; };
		AE27E1741567ADE200ED4DBB /* Foundation.framework in Frameworks */ = {isa = PBXBuildFile; fileRef = AE27E1731567ADE200ED4DBB /* Foundation.framework */; };
		AE27E1761567ADE200ED4DBB /* CoreGraphics.framework in Frameworks */ = {isa = PBXBuildFile; fileRef = AE27E1751567ADE200ED4DBB /* CoreGraphics.framework */; };
		AE27E17C1567ADE200ED4DBB /* InfoPlist.strings in Resources */ = {isa = PBXBuildFile; fileRef = AE27E17A1567ADE200ED4DBB /* InfoPlist.strings */; };
		AE27E17E1567ADE200ED4DBB /* main.m in Sources */ = {isa = PBXBuildFile; fileRef = AE27E17D1567ADE200ED4DBB /* main.m */; };
		AE27E1821567ADE200ED4DBB /* AppDelegate.m in Sources */ = {isa = PBXBuildFile; fileRef = AE27E1811567ADE200ED4DBB /* AppDelegate.m */; };
		AE27E1851567ADE200ED4DBB /* MainStoryboard.storyboard in Resources */ = {isa = PBXBuildFile; fileRef = AE27E1831567ADE200ED4DBB /* MainStoryboard.storyboard */; };
		AE27E1901567AEA900ED4DBB /* PhotoTableViewCell.m in Sources */ = {isa = PBXBuildFile; fileRef = AE27E18F1567AEA900ED4DBB /* PhotoTableViewCell.m */; };
		AE27E1B01567B3FC00ED4DBB /* MKAnnotationView+WebCache.m in Sources */ = {isa = PBXBuildFile; fileRef = AE27E19D1567B3FC00ED4DBB /* MKAnnotationView+WebCache.m */; };
		AE27E1B11567B3FC00ED4DBB /* SDImageCache.m in Sources */ = {isa = PBXBuildFile; fileRef = AE27E19F1567B3FC00ED4DBB /* SDImageCache.m */; };
		AE27E1B21567B3FC00ED4DBB /* SDWebImageDecoder.m in Sources */ = {isa = PBXBuildFile; fileRef = AE27E1A31567B3FC00ED4DBB /* SDWebImageDecoder.m */; };
		AE27E1B31567B3FC00ED4DBB /* SDWebImageDownloader.m in Sources */ = {isa = PBXBuildFile; fileRef = AE27E1A51567B3FC00ED4DBB /* SDWebImageDownloader.m */; };
		AE27E1B41567B3FC00ED4DBB /* SDWebImageManager.m in Sources */ = {isa = PBXBuildFile; fileRef = AE27E1A81567B3FC00ED4DBB /* SDWebImageManager.m */; };
		AE27E1B51567B3FC00ED4DBB /* SDWebImagePrefetcher.m in Sources */ = {isa = PBXBuildFile; fileRef = AE27E1AB1567B3FC00ED4DBB /* SDWebImagePrefetcher.m */; };
		AE27E1B61567B3FC00ED4DBB /* UIButton+WebCache.m in Sources */ = {isa = PBXBuildFile; fileRef = AE27E1AD1567B3FC00ED4DBB /* UIButton+WebCache.m */; };
		AE27E1B71567B3FC00ED4DBB /* UIImageView+WebCache.m in Sources */ = {isa = PBXBuildFile; fileRef = AE27E1AF1567B3FC00ED4DBB /* UIImageView+WebCache.m */; };
		AE27E1B91567B42100ED4DBB /* MapKit.framework in Frameworks */ = {isa = PBXBuildFile; fileRef = AE27E1B81567B42100ED4DBB /* MapKit.framework */; };
		AE27E1BB1567B42700ED4DBB /* ImageIO.framework in Frameworks */ = {isa = PBXBuildFile; fileRef = AE27E1BA1567B42700ED4DBB /* ImageIO.framework */; };
		AE27E1BE1567B51A00ED4DBB /* MainViewController.m in Sources */ = {isa = PBXBuildFile; fileRef = AE27E1BD1567B51A00ED4DBB /* MainViewController.m */; };
		AE27E1C11567B76700ED4DBB /* PhotoPosterViewController.m in Sources */ = {isa = PBXBuildFile; fileRef = AE27E1C01567B76700ED4DBB /* PhotoPosterViewController.m */; };
		AE27E1C71567B91B00ED4DBB /* MobileCoreServices.framework in Frameworks */ = {isa = PBXBuildFile; fileRef = AE27E1C61567B91B00ED4DBB /* MobileCoreServices.framework */; };
		AE27E1E51568F34000ED4DBB /* placeholder-542x542.png in Resources */ = {isa = PBXBuildFile; fileRef = AE27E1E41568F34000ED4DBB /* placeholder-542x542.png */; };
		AE454C1B1610DA0D00BB8690 /* Default-568h@2x.png in Resources */ = {isa = PBXBuildFile; fileRef = AE454C1A1610DA0D00BB8690 /* Default-568h@2x.png */; };
		AE67C4561569173500DB3B7A /* Icon.png in Resources */ = {isa = PBXBuildFile; fileRef = AE67C4541569173500DB3B7A /* Icon.png */; };
		AE67C4571569173500DB3B7A /* Icon@2x.png in Resources */ = {isa = PBXBuildFile; fileRef = AE67C4551569173500DB3B7A /* Icon@2x.png */; };
		AE72D9BA1578BAEB00A3BE85 /* bubble-style0.png in Resources */ = {isa = PBXBuildFile; fileRef = AE72D9B11578BAEB00A3BE85 /* bubble-style0.png */; };
		AE72D9BB1578BAEB00A3BE85 /* bubble-style6.png in Resources */ = {isa = PBXBuildFile; fileRef = AE72D9B21578BAEB00A3BE85 /* bubble-style6.png */; };
		AE72D9BC1578BAEB00A3BE85 /* bubble-style7.png in Resources */ = {isa = PBXBuildFile; fileRef = AE72D9B31578BAEB00A3BE85 /* bubble-style7.png */; };
		AE72D9BD1578BAEB00A3BE85 /* bubble-style5.png in Resources */ = {isa = PBXBuildFile; fileRef = AE72D9B41578BAEB00A3BE85 /* bubble-style5.png */; };
		AE72D9BE1578BAEB00A3BE85 /* bubble-style4.png in Resources */ = {isa = PBXBuildFile; fileRef = AE72D9B51578BAEB00A3BE85 /* bubble-style4.png */; };
		AE72D9BF1578BAEB00A3BE85 /* bubble-style3.png in Resources */ = {isa = PBXBuildFile; fileRef = AE72D9B61578BAEB00A3BE85 /* bubble-style3.png */; };
		AE72D9C01578BAEB00A3BE85 /* bubble-style2.png in Resources */ = {isa = PBXBuildFile; fileRef = AE72D9B71578BAEB00A3BE85 /* bubble-style2.png */; };
		AE72D9C11578BAEB00A3BE85 /* bubble-style1.png in Resources */ = {isa = PBXBuildFile; fileRef = AE72D9B81578BAEB00A3BE85 /* bubble-style1.png */; };
		AE72D9C21578BAEB00A3BE85 /* bubble-style8.png in Resources */ = {isa = PBXBuildFile; fileRef = AE72D9B91578BAEB00A3BE85 /* bubble-style8.png */; };
		AE72D9C91578BF8200A3BE85 /* SelectBubbleStyleViewController.m in Sources */ = {isa = PBXBuildFile; fileRef = AE72D9C81578BF8200A3BE85 /* SelectBubbleStyleViewController.m */; };
		AE78F27F156FB952005D2F9D /* BubbleTextView.m in Sources */ = {isa = PBXBuildFile; fileRef = AE78F27E156FB952005D2F9D /* BubbleTextView.m */; };
		AE7FB5F015836D7400B7FB64 /* LoginViewController.m in Sources */ = {isa = PBXBuildFile; fileRef = AE7FB5EE15836D7000B7FB64 /* LoginViewController.m */; };
		AED574441575655100B57723 /* EditBubblesViewController.m in Sources */ = {isa = PBXBuildFile; fileRef = AED574431575655100B57723 /* EditBubblesViewController.m */; };
		AEE61FD6157805190023B0A9 /* SpeechBubbleView.m in Sources */ = {isa = PBXBuildFile; fileRef = AEE61FD5157804BD0023B0A9 /* SpeechBubbleView.m */; };
/* End PBXBuildFile section */

/* Begin PBXFileReference section */
		AE27E16D1567ADE200ED4DBB /* PhotoChat.app */ = {isa = PBXFileReference; explicitFileType = wrapper.application; includeInIndex = 0; path = PhotoChat.app; sourceTree = BUILT_PRODUCTS_DIR; };
		AE27E1711567ADE200ED4DBB /* UIKit.framework */ = {isa = PBXFileReference; lastKnownFileType = wrapper.framework; name = UIKit.framework; path = System/Library/Frameworks/UIKit.framework; sourceTree = SDKROOT; };
		AE27E1731567ADE200ED4DBB /* Foundation.framework */ = {isa = PBXFileReference; lastKnownFileType = wrapper.framework; name = Foundation.framework; path = System/Library/Frameworks/Foundation.framework; sourceTree = SDKROOT; };
		AE27E1751567ADE200ED4DBB /* CoreGraphics.framework */ = {isa = PBXFileReference; lastKnownFileType = wrapper.framework; name = CoreGraphics.framework; path = System/Library/Frameworks/CoreGraphics.framework; sourceTree = SDKROOT; };
		AE27E1791567ADE200ED4DBB /* PhotoChat-Info.plist */ = {isa = PBXFileReference; lastKnownFileType = text.plist.xml; path = "PhotoChat-Info.plist"; sourceTree = "<group>"; };
		AE27E17B1567ADE200ED4DBB /* en */ = {isa = PBXFileReference; lastKnownFileType = text.plist.strings; name = en; path = en.lproj/InfoPlist.strings; sourceTree = "<group>"; };
		AE27E17D1567ADE200ED4DBB /* main.m */ = {isa = PBXFileReference; lastKnownFileType = sourcecode.c.objc; path = main.m; sourceTree = "<group>"; };
		AE27E17F1567ADE200ED4DBB /* PhotoChat-Prefix.pch */ = {isa = PBXFileReference; lastKnownFileType = sourcecode.c.h; path = "PhotoChat-Prefix.pch"; sourceTree = "<group>"; };
		AE27E1801567ADE200ED4DBB /* AppDelegate.h */ = {isa = PBXFileReference; lastKnownFileType = sourcecode.c.h; path = AppDelegate.h; sourceTree = "<group>"; };
		AE27E1811567ADE200ED4DBB /* AppDelegate.m */ = {isa = PBXFileReference; lastKnownFileType = sourcecode.c.objc; path = AppDelegate.m; sourceTree = "<group>"; };
		AE27E1841567ADE200ED4DBB /* en */ = {isa = PBXFileReference; lastKnownFileType = file.storyboard; name = en; path = en.lproj/MainStoryboard.storyboard; sourceTree = "<group>"; };
		AE27E18E1567AEA900ED4DBB /* PhotoTableViewCell.h */ = {isa = PBXFileReference; fileEncoding = 4; lastKnownFileType = sourcecode.c.h; path = PhotoTableViewCell.h; sourceTree = "<group>"; };
		AE27E18F1567AEA900ED4DBB /* PhotoTableViewCell.m */ = {isa = PBXFileReference; fileEncoding = 4; lastKnownFileType = sourcecode.c.objc; path = PhotoTableViewCell.m; sourceTree = "<group>"; };
		AE27E19C1567B3FC00ED4DBB /* MKAnnotationView+WebCache.h */ = {isa = PBXFileReference; fileEncoding = 4; lastKnownFileType = sourcecode.c.h; path = "MKAnnotationView+WebCache.h"; sourceTree = "<group>"; };
		AE27E19D1567B3FC00ED4DBB /* MKAnnotationView+WebCache.m */ = {isa = PBXFileReference; fileEncoding = 4; lastKnownFileType = sourcecode.c.objc; path = "MKAnnotationView+WebCache.m"; sourceTree = "<group>"; };
		AE27E19E1567B3FC00ED4DBB /* SDImageCache.h */ = {isa = PBXFileReference; fileEncoding = 4; lastKnownFileType = sourcecode.c.h; path = SDImageCache.h; sourceTree = "<group>"; };
		AE27E19F1567B3FC00ED4DBB /* SDImageCache.m */ = {isa = PBXFileReference; fileEncoding = 4; lastKnownFileType = sourcecode.c.objc; path = SDImageCache.m; sourceTree = "<group>"; };
		AE27E1A01567B3FC00ED4DBB /* SDImageCacheDelegate.h */ = {isa = PBXFileReference; fileEncoding = 4; lastKnownFileType = sourcecode.c.h; path = SDImageCacheDelegate.h; sourceTree = "<group>"; };
		AE27E1A11567B3FC00ED4DBB /* SDWebImageCompat.h */ = {isa = PBXFileReference; fileEncoding = 4; lastKnownFileType = sourcecode.c.h; path = SDWebImageCompat.h; sourceTree = "<group>"; };
		AE27E1A21567B3FC00ED4DBB /* SDWebImageDecoder.h */ = {isa = PBXFileReference; fileEncoding = 4; lastKnownFileType = sourcecode.c.h; path = SDWebImageDecoder.h; sourceTree = "<group>"; };
		AE27E1A31567B3FC00ED4DBB /* SDWebImageDecoder.m */ = {isa = PBXFileReference; fileEncoding = 4; lastKnownFileType = sourcecode.c.objc; path = SDWebImageDecoder.m; sourceTree = "<group>"; };
		AE27E1A41567B3FC00ED4DBB /* SDWebImageDownloader.h */ = {isa = PBXFileReference; fileEncoding = 4; lastKnownFileType = sourcecode.c.h; path = SDWebImageDownloader.h; sourceTree = "<group>"; };
		AE27E1A51567B3FC00ED4DBB /* SDWebImageDownloader.m */ = {isa = PBXFileReference; fileEncoding = 4; lastKnownFileType = sourcecode.c.objc; path = SDWebImageDownloader.m; sourceTree = "<group>"; };
		AE27E1A61567B3FC00ED4DBB /* SDWebImageDownloaderDelegate.h */ = {isa = PBXFileReference; fileEncoding = 4; lastKnownFileType = sourcecode.c.h; path = SDWebImageDownloaderDelegate.h; sourceTree = "<group>"; };
		AE27E1A71567B3FC00ED4DBB /* SDWebImageManager.h */ = {isa = PBXFileReference; fileEncoding = 4; lastKnownFileType = sourcecode.c.h; path = SDWebImageManager.h; sourceTree = "<group>"; };
		AE27E1A81567B3FC00ED4DBB /* SDWebImageManager.m */ = {isa = PBXFileReference; fileEncoding = 4; lastKnownFileType = sourcecode.c.objc; path = SDWebImageManager.m; sourceTree = "<group>"; };
		AE27E1A91567B3FC00ED4DBB /* SDWebImageManagerDelegate.h */ = {isa = PBXFileReference; fileEncoding = 4; lastKnownFileType = sourcecode.c.h; path = SDWebImageManagerDelegate.h; sourceTree = "<group>"; };
		AE27E1AA1567B3FC00ED4DBB /* SDWebImagePrefetcher.h */ = {isa = PBXFileReference; fileEncoding = 4; lastKnownFileType = sourcecode.c.h; path = SDWebImagePrefetcher.h; sourceTree = "<group>"; };
		AE27E1AB1567B3FC00ED4DBB /* SDWebImagePrefetcher.m */ = {isa = PBXFileReference; fileEncoding = 4; lastKnownFileType = sourcecode.c.objc; path = SDWebImagePrefetcher.m; sourceTree = "<group>"; };
		AE27E1AC1567B3FC00ED4DBB /* UIButton+WebCache.h */ = {isa = PBXFileReference; fileEncoding = 4; lastKnownFileType = sourcecode.c.h; path = "UIButton+WebCache.h"; sourceTree = "<group>"; };
		AE27E1AD1567B3FC00ED4DBB /* UIButton+WebCache.m */ = {isa = PBXFileReference; fileEncoding = 4; lastKnownFileType = sourcecode.c.objc; path = "UIButton+WebCache.m"; sourceTree = "<group>"; };
		AE27E1AE1567B3FC00ED4DBB /* UIImageView+WebCache.h */ = {isa = PBXFileReference; fileEncoding = 4; lastKnownFileType = sourcecode.c.h; path = "UIImageView+WebCache.h"; sourceTree = "<group>"; };
		AE27E1AF1567B3FC00ED4DBB /* UIImageView+WebCache.m */ = {isa = PBXFileReference; fileEncoding = 4; lastKnownFileType = sourcecode.c.objc; path = "UIImageView+WebCache.m"; sourceTree = "<group>"; };
		AE27E1B81567B42100ED4DBB /* MapKit.framework */ = {isa = PBXFileReference; lastKnownFileType = wrapper.framework; name = MapKit.framework; path = System/Library/Frameworks/MapKit.framework; sourceTree = SDKROOT; };
		AE27E1BA1567B42700ED4DBB /* ImageIO.framework */ = {isa = PBXFileReference; lastKnownFileType = wrapper.framework; name = ImageIO.framework; path = System/Library/Frameworks/ImageIO.framework; sourceTree = SDKROOT; };
		AE27E1BC1567B51A00ED4DBB /* MainViewController.h */ = {isa = PBXFileReference; fileEncoding = 4; lastKnownFileType = sourcecode.c.h; path = MainViewController.h; sourceTree = "<group>"; };
		AE27E1BD1567B51A00ED4DBB /* MainViewController.m */ = {isa = PBXFileReference; fileEncoding = 4; lastKnownFileType = sourcecode.c.objc; path = MainViewController.m; sourceTree = "<group>"; };
		AE27E1BF1567B76700ED4DBB /* PhotoPosterViewController.h */ = {isa = PBXFileReference; fileEncoding = 4; lastKnownFileType = sourcecode.c.h; path = PhotoPosterViewController.h; sourceTree = "<group>"; };
		AE27E1C01567B76700ED4DBB /* PhotoPosterViewController.m */ = {isa = PBXFileReference; fileEncoding = 4; lastKnownFileType = sourcecode.c.objc; path = PhotoPosterViewController.m; sourceTree = "<group>"; };
		AE27E1C61567B91B00ED4DBB /* MobileCoreServices.framework */ = {isa = PBXFileReference; lastKnownFileType = wrapper.framework; name = MobileCoreServices.framework; path = System/Library/Frameworks/MobileCoreServices.framework; sourceTree = SDKROOT; };
		AE27E1E41568F34000ED4DBB /* placeholder-542x542.png */ = {isa = PBXFileReference; lastKnownFileType = image.png; path = "placeholder-542x542.png"; sourceTree = "<group>"; };
		AE454C1A1610DA0D00BB8690 /* Default-568h@2x.png */ = {isa = PBXFileReference; lastKnownFileType = image.png; path = "Default-568h@2x.png"; sourceTree = "<group>"; };
		AE67C4541569173500DB3B7A /* Icon.png */ = {isa = PBXFileReference; lastKnownFileType = image.png; path = Icon.png; sourceTree = "<group>"; };
		AE67C4551569173500DB3B7A /* Icon@2x.png */ = {isa = PBXFileReference; lastKnownFileType = image.png; path = "Icon@2x.png"; sourceTree = "<group>"; };
		AE72D9B11578BAEB00A3BE85 /* bubble-style0.png */ = {isa = PBXFileReference; lastKnownFileType = image.png; path = "bubble-style0.png"; sourceTree = "<group>"; };
		AE72D9B21578BAEB00A3BE85 /* bubble-style6.png */ = {isa = PBXFileReference; lastKnownFileType = image.png; path = "bubble-style6.png"; sourceTree = "<group>"; };
		AE72D9B31578BAEB00A3BE85 /* bubble-style7.png */ = {isa = PBXFileReference; lastKnownFileType = image.png; path = "bubble-style7.png"; sourceTree = "<group>"; };
		AE72D9B41578BAEB00A3BE85 /* bubble-style5.png */ = {isa = PBXFileReference; lastKnownFileType = image.png; path = "bubble-style5.png"; sourceTree = "<group>"; };
		AE72D9B51578BAEB00A3BE85 /* bubble-style4.png */ = {isa = PBXFileReference; lastKnownFileType = image.png; path = "bubble-style4.png"; sourceTree = "<group>"; };
		AE72D9B61578BAEB00A3BE85 /* bubble-style3.png */ = {isa = PBXFileReference; lastKnownFileType = image.png; path = "bubble-style3.png"; sourceTree = "<group>"; };
		AE72D9B71578BAEB00A3BE85 /* bubble-style2.png */ = {isa = PBXFileReference; lastKnownFileType = image.png; path = "bubble-style2.png"; sourceTree = "<group>"; };
		AE72D9B81578BAEB00A3BE85 /* bubble-style1.png */ = {isa = PBXFileReference; lastKnownFileType = image.png; path = "bubble-style1.png"; sourceTree = "<group>"; };
		AE72D9B91578BAEB00A3BE85 /* bubble-style8.png */ = {isa = PBXFileReference; lastKnownFileType = image.png; path = "bubble-style8.png"; sourceTree = "<group>"; };
		AE72D9C71578BF8200A3BE85 /* SelectBubbleStyleViewController.h */ = {isa = PBXFileReference; fileEncoding = 4; lastKnownFileType = sourcecode.c.h; path = SelectBubbleStyleViewController.h; sourceTree = "<group>"; };
		AE72D9C81578BF8200A3BE85 /* SelectBubbleStyleViewController.m */ = {isa = PBXFileReference; fileEncoding = 4; lastKnownFileType = sourcecode.c.objc; path = SelectBubbleStyleViewController.m; sourceTree = "<group>"; };
		AE78F27D156FB952005D2F9D /* BubbleTextView.h */ = {isa = PBXFileReference; fileEncoding = 4; lastKnownFileType = sourcecode.c.h; path = BubbleTextView.h; sourceTree = "<group>"; };
		AE78F27E156FB952005D2F9D /* BubbleTextView.m */ = {isa = PBXFileReference; fileEncoding = 4; lastKnownFileType = sourcecode.c.objc; path = BubbleTextView.m; sourceTree = "<group>"; };
		AE7FB5D31580ACF900B7FB64 /* ImageScaleCatagory.h */ = {isa = PBXFileReference; lastKnownFileType = sourcecode.c.h; path = ImageScaleCatagory.h; sourceTree = "<group>"; };
		AE7FB5ED15836D7000B7FB64 /* LoginViewController.h */ = {isa = PBXFileReference; lastKnownFileType = sourcecode.c.h; path = LoginViewController.h; sourceTree = "<group>"; };
		AE7FB5EE15836D7000B7FB64 /* LoginViewController.m */ = {isa = PBXFileReference; lastKnownFileType = sourcecode.c.objc; path = LoginViewController.m; sourceTree = "<group>"; };
		AED574421575655100B57723 /* EditBubblesViewController.h */ = {isa = PBXFileReference; fileEncoding = 4; lastKnownFileType = sourcecode.c.h; path = EditBubblesViewController.h; sourceTree = "<group>"; };
		AED574431575655100B57723 /* EditBubblesViewController.m */ = {isa = PBXFileReference; fileEncoding = 4; lastKnownFileType = sourcecode.c.objc; path = EditBubblesViewController.m; sourceTree = "<group>"; };
		AEE61FD4157804BD0023B0A9 /* SpeechBubbleView.h */ = {isa = PBXFileReference; lastKnownFileType = sourcecode.c.h; path = SpeechBubbleView.h; sourceTree = "<group>"; };
		AEE61FD5157804BD0023B0A9 /* SpeechBubbleView.m */ = {isa = PBXFileReference; lastKnownFileType = sourcecode.c.objc; path = SpeechBubbleView.m; sourceTree = "<group>"; };
/* End PBXFileReference section */

/* Begin PBXFrameworksBuildPhase section */
		AE27E16A1567ADE200ED4DBB /* Frameworks */ = {
			isa = PBXFrameworksBuildPhase;
			buildActionMask = 2147483647;
			files = (
				AE27E1C71567B91B00ED4DBB /* MobileCoreServices.framework in Frameworks */,
				AE27E1BB1567B42700ED4DBB /* ImageIO.framework in Frameworks */,
				AE27E1B91567B42100ED4DBB /* MapKit.framework in Frameworks */,
				AE27E1721567ADE200ED4DBB /* UIKit.framework in Frameworks */,
				AE27E1741567ADE200ED4DBB /* Foundation.framework in Frameworks */,
				AE27E1761567ADE200ED4DBB /* CoreGraphics.framework in Frameworks */,
			);
			runOnlyForDeploymentPostprocessing = 0;
		};
/* End PBXFrameworksBuildPhase section */

/* Begin PBXGroup section */
		AE27E1621567ADE200ED4DBB = {
			isa = PBXGroup;
			children = (
				AE454C1A1610DA0D00BB8690 /* Default-568h@2x.png */,
				AE27E1771567ADE200ED4DBB /* SnapChat */,
				AE27E1701567ADE200ED4DBB /* Frameworks */,
				AE27E16E1567ADE200ED4DBB /* Products */,
			);
			sourceTree = "<group>";
		};
		AE27E16E1567ADE200ED4DBB /* Products */ = {
			isa = PBXGroup;
			children = (
				AE27E16D1567ADE200ED4DBB /* PhotoChat.app */,
			);
			name = Products;
			sourceTree = "<group>";
		};
		AE27E1701567ADE200ED4DBB /* Frameworks */ = {
			isa = PBXGroup;
			children = (
				AE27E1C61567B91B00ED4DBB /* MobileCoreServices.framework */,
				AE27E1B81567B42100ED4DBB /* MapKit.framework */,
				AE27E1BA1567B42700ED4DBB /* ImageIO.framework */,
				AE27E1711567ADE200ED4DBB /* UIKit.framework */,
				AE27E1731567ADE200ED4DBB /* Foundation.framework */,
				AE27E1751567ADE200ED4DBB /* CoreGraphics.framework */,
			);
			name = Frameworks;
			sourceTree = "<group>";
		};
		AE27E1771567ADE200ED4DBB /* SnapChat */ = {
			isa = PBXGroup;
			children = (
				AE27E1E31568F33500ED4DBB /* Media */,
				AE27E19B1567B3C000ED4DBB /* SDWebImage */,
				AE27E1801567ADE200ED4DBB /* AppDelegate.h */,
				AE27E1811567ADE200ED4DBB /* AppDelegate.m */,
				AE78F27D156FB952005D2F9D /* BubbleTextView.h */,
				AE78F27E156FB952005D2F9D /* BubbleTextView.m */,
				AED574421575655100B57723 /* EditBubblesViewController.h */,
				AED574431575655100B57723 /* EditBubblesViewController.m */,
				AE7FB5D31580ACF900B7FB64 /* ImageScaleCatagory.h */,
				AE7FB5ED15836D7000B7FB64 /* LoginViewController.h */,
				AE7FB5EE15836D7000B7FB64 /* LoginViewController.m */,
				AE27E1BC1567B51A00ED4DBB /* MainViewController.h */,
				AE27E1BD1567B51A00ED4DBB /* MainViewController.m */,
				AE72D9C71578BF8200A3BE85 /* SelectBubbleStyleViewController.h */,
				AE72D9C81578BF8200A3BE85 /* SelectBubbleStyleViewController.m */,
				AE27E1BF1567B76700ED4DBB /* PhotoPosterViewController.h */,
				AE27E1C01567B76700ED4DBB /* PhotoPosterViewController.m */,
				AE27E18E1567AEA900ED4DBB /* PhotoTableViewCell.h */,
				AE27E18F1567AEA900ED4DBB /* PhotoTableViewCell.m */,
				AEE61FD4157804BD0023B0A9 /* SpeechBubbleView.h */,
				AEE61FD5157804BD0023B0A9 /* SpeechBubbleView.m */,
				AE27E1831567ADE200ED4DBB /* MainStoryboard.storyboard */,
				AE27E1781567ADE200ED4DBB /* Supporting Files */,
			);
			path = SnapChat;
			sourceTree = "<group>";
		};
		AE27E1781567ADE200ED4DBB /* Supporting Files */ = {
			isa = PBXGroup;
			children = (
				AE27E1791567ADE200ED4DBB /* PhotoChat-Info.plist */,
				AE27E17A1567ADE200ED4DBB /* InfoPlist.strings */,
				AE27E17D1567ADE200ED4DBB /* main.m */,
				AE27E17F1567ADE200ED4DBB /* PhotoChat-Prefix.pch */,
			);
			name = "Supporting Files";
			sourceTree = "<group>";
		};
		AE27E19B1567B3C000ED4DBB /* SDWebImage */ = {
			isa = PBXGroup;
			children = (
				AE27E19C1567B3FC00ED4DBB /* MKAnnotationView+WebCache.h */,
				AE27E19D1567B3FC00ED4DBB /* MKAnnotationView+WebCache.m */,
				AE27E19E1567B3FC00ED4DBB /* SDImageCache.h */,
				AE27E19F1567B3FC00ED4DBB /* SDImageCache.m */,
				AE27E1A01567B3FC00ED4DBB /* SDImageCacheDelegate.h */,
				AE27E1A11567B3FC00ED4DBB /* SDWebImageCompat.h */,
				AE27E1A21567B3FC00ED4DBB /* SDWebImageDecoder.h */,
				AE27E1A31567B3FC00ED4DBB /* SDWebImageDecoder.m */,
				AE27E1A41567B3FC00ED4DBB /* SDWebImageDownloader.h */,
				AE27E1A51567B3FC00ED4DBB /* SDWebImageDownloader.m */,
				AE27E1A61567B3FC00ED4DBB /* SDWebImageDownloaderDelegate.h */,
				AE27E1A71567B3FC00ED4DBB /* SDWebImageManager.h */,
				AE27E1A81567B3FC00ED4DBB /* SDWebImageManager.m */,
				AE27E1A91567B3FC00ED4DBB /* SDWebImageManagerDelegate.h */,
				AE27E1AA1567B3FC00ED4DBB /* SDWebImagePrefetcher.h */,
				AE27E1AB1567B3FC00ED4DBB /* SDWebImagePrefetcher.m */,
				AE27E1AC1567B3FC00ED4DBB /* UIButton+WebCache.h */,
				AE27E1AD1567B3FC00ED4DBB /* UIButton+WebCache.m */,
				AE27E1AE1567B3FC00ED4DBB /* UIImageView+WebCache.h */,
				AE27E1AF1567B3FC00ED4DBB /* UIImageView+WebCache.m */,
			);
			name = SDWebImage;
			sourceTree = "<group>";
		};
		AE27E1E31568F33500ED4DBB /* Media */ = {
			isa = PBXGroup;
			children = (
				AE72D9B11578BAEB00A3BE85 /* bubble-style0.png */,
				AE72D9B81578BAEB00A3BE85 /* bubble-style1.png */,
				AE72D9B71578BAEB00A3BE85 /* bubble-style2.png */,
				AE72D9B61578BAEB00A3BE85 /* bubble-style3.png */,
				AE72D9B51578BAEB00A3BE85 /* bubble-style4.png */,
				AE72D9B41578BAEB00A3BE85 /* bubble-style5.png */,
				AE72D9B21578BAEB00A3BE85 /* bubble-style6.png */,
				AE72D9B31578BAEB00A3BE85 /* bubble-style7.png */,
				AE72D9B91578BAEB00A3BE85 /* bubble-style8.png */,
				AE67C4541569173500DB3B7A /* Icon.png */,
				AE67C4551569173500DB3B7A /* Icon@2x.png */,
				AE27E1E41568F34000ED4DBB /* placeholder-542x542.png */,
			);
			name = Media;
			sourceTree = "<group>";
		};
/* End PBXGroup section */

/* Begin PBXNativeTarget section */
		AE27E16C1567ADE200ED4DBB /* PhotoChat */ = {
			isa = PBXNativeTarget;
			buildConfigurationList = AE27E18B1567ADE200ED4DBB /* Build configuration list for PBXNativeTarget "PhotoChat" */;
			buildPhases = (
				AE27E1691567ADE200ED4DBB /* Sources */,
				AE27E16A1567ADE200ED4DBB /* Frameworks */,
				AE27E16B1567ADE200ED4DBB /* Resources */,
			);
			buildRules = (
			);
			dependencies = (
			);
			name = PhotoChat;
			productName = SnapChat;
			productReference = AE27E16D1567ADE200ED4DBB /* PhotoChat.app */;
			productType = "com.apple.product-type.application";
		};
/* End PBXNativeTarget section */

/* Begin PBXProject section */
		AE27E1641567ADE200ED4DBB /* Project object */ = {
			isa = PBXProject;
			attributes = {
				LastUpgradeCheck = 0430;
			};
			buildConfigurationList = AE27E1671567ADE200ED4DBB /* Build configuration list for PBXProject "PhotoChat" */;
			compatibilityVersion = "Xcode 3.2";
			developmentRegion = English;
			hasScannedForEncodings = 0;
			knownRegions = (
				en,
			);
			mainGroup = AE27E1621567ADE200ED4DBB;
			productRefGroup = AE27E16E1567ADE200ED4DBB /* Products */;
			projectDirPath = "";
			projectRoot = "";
			targets = (
				AE27E16C1567ADE200ED4DBB /* PhotoChat */,
			);
		};
/* End PBXProject section */

/* Begin PBXResourcesBuildPhase section */
		AE27E16B1567ADE200ED4DBB /* Resources */ = {
			isa = PBXResourcesBuildPhase;
			buildActionMask = 2147483647;
			files = (
				AE27E17C1567ADE200ED4DBB /* InfoPlist.strings in Resources */,
				AE27E1851567ADE200ED4DBB /* MainStoryboard.storyboard in Resources */,
				AE27E1E51568F34000ED4DBB /* placeholder-542x542.png in Resources */,
				AE67C4561569173500DB3B7A /* Icon.png in Resources */,
				AE67C4571569173500DB3B7A /* Icon@2x.png in Resources */,
				AE72D9BA1578BAEB00A3BE85 /* bubble-style0.png in Resources */,
				AE72D9BB1578BAEB00A3BE85 /* bubble-style6.png in Resources */,
				AE72D9BC1578BAEB00A3BE85 /* bubble-style7.png in Resources */,
				AE72D9BD1578BAEB00A3BE85 /* bubble-style5.png in Resources */,
				AE72D9BE1578BAEB00A3BE85 /* bubble-style4.png in Resources */,
				AE72D9BF1578BAEB00A3BE85 /* bubble-style3.png in Resources */,
				AE72D9C01578BAEB00A3BE85 /* bubble-style2.png in Resources */,
				AE72D9C11578BAEB00A3BE85 /* bubble-style1.png in Resources */,
				AE72D9C21578BAEB00A3BE85 /* bubble-style8.png in Resources */,
				AE454C1B1610DA0D00BB8690 /* Default-568h@2x.png in Resources */,
			);
			runOnlyForDeploymentPostprocessing = 0;
		};
/* End PBXResourcesBuildPhase section */

/* Begin PBXSourcesBuildPhase section */
		AE27E1691567ADE200ED4DBB /* Sources */ = {
			isa = PBXSourcesBuildPhase;
			buildActionMask = 2147483647;
			files = (
				AE27E17E1567ADE200ED4DBB /* main.m in Sources */,
				AE27E1821567ADE200ED4DBB /* AppDelegate.m in Sources */,
				AE27E1901567AEA900ED4DBB /* PhotoTableViewCell.m in Sources */,
				AE27E1B01567B3FC00ED4DBB /* MKAnnotationView+WebCache.m in Sources */,
				AE27E1B11567B3FC00ED4DBB /* SDImageCache.m in Sources */,
				AE27E1B21567B3FC00ED4DBB /* SDWebImageDecoder.m in Sources */,
				AE27E1B31567B3FC00ED4DBB /* SDWebImageDownloader.m in Sources */,
				AE27E1B41567B3FC00ED4DBB /* SDWebImageManager.m in Sources */,
				AE27E1B51567B3FC00ED4DBB /* SDWebImagePrefetcher.m in Sources */,
				AE27E1B61567B3FC00ED4DBB /* UIButton+WebCache.m in Sources */,
				AE27E1B71567B3FC00ED4DBB /* UIImageView+WebCache.m in Sources */,
				AE27E1BE1567B51A00ED4DBB /* MainViewController.m in Sources */,
				AE27E1C11567B76700ED4DBB /* PhotoPosterViewController.m in Sources */,
				AE78F27F156FB952005D2F9D /* BubbleTextView.m in Sources */,
				AED574441575655100B57723 /* EditBubblesViewController.m in Sources */,
				AEE61FD6157805190023B0A9 /* SpeechBubbleView.m in Sources */,
				AE72D9C91578BF8200A3BE85 /* SelectBubbleStyleViewController.m in Sources */,
				AE7FB5F015836D7400B7FB64 /* LoginViewController.m in Sources */,
			);
			runOnlyForDeploymentPostprocessing = 0;
		};
/* End PBXSourcesBuildPhase section */

/* Begin PBXVariantGroup section */
		AE27E17A1567ADE200ED4DBB /* InfoPlist.strings */ = {
			isa = PBXVariantGroup;
			children = (
				AE27E17B1567ADE200ED4DBB /* en */,
			);
			name = InfoPlist.strings;
			sourceTree = "<group>";
		};
		AE27E1831567ADE200ED4DBB /* MainStoryboard.storyboard */ = {
			isa = PBXVariantGroup;
			children = (
				AE27E1841567ADE200ED4DBB /* en */,
			);
			name = MainStoryboard.storyboard;
			sourceTree = "<group>";
		};
/* End PBXVariantGroup section */

/* Begin XCBuildConfiguration section */
		AE27E1891567ADE200ED4DBB /* Debug */ = {
			isa = XCBuildConfiguration;
			buildSettings = {
				ALWAYS_SEARCH_USER_PATHS = NO;
				ARCHS = "$(ARCHS_STANDARD_32_BIT)";
				CLANG_ENABLE_OBJC_ARC = YES;
				CODE_SIGN_IDENTITY = "iPhone Distribution: Duncan Rowland";
				"CODE_SIGN_IDENTITY[sdk=iphoneos*]" = "iPhone Distribution: Duncan Rowland";
				COPY_PHASE_STRIP = NO;
				GCC_C_LANGUAGE_STANDARD = gnu99;
				GCC_DYNAMIC_NO_PIC = NO;
				GCC_OPTIMIZATION_LEVEL = 0;
				GCC_PREPROCESSOR_DEFINITIONS = (
					"DEBUG=1",
					"$(inherited)",
				);
				GCC_SYMBOLS_PRIVATE_EXTERN = NO;
				GCC_VERSION = com.apple.compilers.llvm.clang.1_0;
				GCC_WARN_ABOUT_RETURN_TYPE = YES;
				GCC_WARN_UNINITIALIZED_AUTOS = YES;
				GCC_WARN_UNUSED_VARIABLE = YES;
				IPHONEOS_DEPLOYMENT_TARGET = 5.1;
				PROVISIONING_PROFILE = "3A7CE1C2-3AF2-48A4-84D3-A4250E3A3682";
				"PROVISIONING_PROFILE[sdk=iphoneos*]" = "3A7CE1C2-3AF2-48A4-84D3-A4250E3A3682";
				SDKROOT = iphoneos;
			};
			name = Debug;
		};
		AE27E18A1567ADE200ED4DBB /* Release */ = {
			isa = XCBuildConfiguration;
			buildSettings = {
				ALWAYS_SEARCH_USER_PATHS = NO;
				ARCHS = "$(ARCHS_STANDARD_32_BIT)";
				CLANG_ENABLE_OBJC_ARC = YES;
				CODE_SIGN_IDENTITY = "iPhone Distribution: Duncan Rowland";
				"CODE_SIGN_IDENTITY[sdk=iphoneos*]" = "iPhone Distribution: Duncan Rowland";
				COPY_PHASE_STRIP = YES;
				GCC_C_LANGUAGE_STANDARD = gnu99;
				GCC_VERSION = com.apple.compilers.llvm.clang.1_0;
				GCC_WARN_ABOUT_RETURN_TYPE = YES;
				GCC_WARN_UNINITIALIZED_AUTOS = YES;
				GCC_WARN_UNUSED_VARIABLE = YES;
				IPHONEOS_DEPLOYMENT_TARGET = 5.1;
				OTHER_CFLAGS = "-DNS_BLOCK_ASSERTIONS=1";
				PROVISIONING_PROFILE = "3A7CE1C2-3AF2-48A4-84D3-A4250E3A3682";
				"PROVISIONING_PROFILE[sdk=iphoneos*]" = "3A7CE1C2-3AF2-48A4-84D3-A4250E3A3682";
				SDKROOT = iphoneos;
				VALIDATE_PRODUCT = YES;
			};
			name = Release;
		};
		AE27E18C1567ADE200ED4DBB /* Debug */ = {
			isa = XCBuildConfiguration;
			buildSettings = {
				CODE_SIGN_IDENTITY = "iPhone Distribution: Duncan Rowland";
				"CODE_SIGN_IDENTITY[sdk=iphoneos*]" = "iPhone Distribution: Duncan Rowland";
				GCC_PRECOMPILE_PREFIX_HEADER = YES;
				GCC_PREFIX_HEADER = "SnapChat/PhotoChat-Prefix.pch";
				INFOPLIST_FILE = "SnapChat/PhotoChat-Info.plist";
				PRODUCT_NAME = PhotoChat;
				PROVISIONING_PROFILE = "3A7CE1C2-3AF2-48A4-84D3-A4250E3A3682";
				"PROVISIONING_PROFILE[sdk=iphoneos*]" = "3A7CE1C2-3AF2-48A4-84D3-A4250E3A3682";
				WRAPPER_EXTENSION = app;
			};
			name = Debug;
		};
		AE27E18D1567ADE200ED4DBB /* Release */ = {
			isa = XCBuildConfiguration;
			buildSettings = {
				CODE_SIGN_IDENTITY = "iPhone Distribution: Duncan Rowland";
				"CODE_SIGN_IDENTITY[sdk=iphoneos*]" = "iPhone Distribution: Duncan Rowland";
				GCC_PRECOMPILE_PREFIX_HEADER = YES;
				GCC_PREFIX_HEADER = "SnapChat/PhotoChat-Prefix.pch";
				INFOPLIST_FILE = "SnapChat/PhotoChat-Info.plist";
				PRODUCT_NAME = PhotoChat;
				PROVISIONING_PROFILE = "3A7CE1C2-3AF2-48A4-84D3-A4250E3A3682";
				"PROVISIONING_PROFILE[sdk=iphoneos*]" = "3A7CE1C2-3AF2-48A4-84D3-A4250E3A3682";
				WRAPPER_EXTENSION = app;
			};
			name = Release;
		};
/* End XCBuildConfiguration section */

/* Begin XCConfigurationList section */
		AE27E1671567ADE200ED4DBB /* Build configuration list for PBXProject "PhotoChat" */ = {
			isa = XCConfigurationList;
			buildConfigurations = (
				AE27E1891567ADE200ED4DBB /* Debug */,
				AE27E18A1567ADE200ED4DBB /* Release */,
			);
			defaultConfigurationIsVisible = 0;
			defaultConfigurationName = Release;
		};
		AE27E18B1567ADE200ED4DBB /* Build configuration list for PBXNativeTarget "PhotoChat" */ = {
			isa = XCConfigurationList;
			buildConfigurations = (
				AE27E18C1567ADE200ED4DBB /* Debug */,
				AE27E18D1567ADE200ED4DBB /* Release */,
			);
			defaultConfigurationIsVisible = 0;
			defaultConfigurationName = Release;
		};
/* End XCConfigurationList section */
	};
	rootObject = AE27E1641567ADE200ED4DBB /* Project object */;
}
